
Microsoft Visual Studio Solution File, Format Version 12.00
# Visual Studio Version 17
VisualStudioVersion = 17.7.34202.233
MinimumVisualStudioVersion = 10.0.40219.1
Project("{FAE04EC0-301F-11D3-BF4B-00C04F79EFBC}") = "XUnitTests", "XUnitTests\XUnitTests.csproj", "{6CD2ADDF-0916-419B-9A8A-52F3D22E96FB}"
EndProject
Project("{FAE04EC0-301F-11D3-BF4B-00C04F79EFBC}") = "XUnitTests.Tests", "XUnitTests.Tests\XUnitTests.Tests.csproj", "{3460A458-36BD-443E-B54E-57529656ED0E}"
EndProject
Global
	GlobalSection(SolutionConfigurationPlatforms) = preSolution
		Debug|Any CPU = Debug|Any CPU
		Release|Any CPU = Release|Any CPU
	EndGlobalSection
	GlobalSection(ProjectConfigurationPlatforms) = postSolution
		{6CD2ADDF-0916-419B-9A8A-52F3D22E96FB}.Debug|Any CPU.ActiveCfg = Debug|Any CPU
		{6CD2ADDF-0916-419B-9A8A-52F3D22E96FB}.Debug|Any CPU.Build.0 = Debug|Any CPU
		{6CD2ADDF-0916-419B-9A8A-52F3D22E96FB}.Release|Any CPU.ActiveCfg = Release|Any CPU
		{6CD2ADDF-0916-419B-9A8A-52F3D22E96FB}.Release|Any CPU.Build.0 = Release|Any CPU
		{3460A458-36BD-443E-B54E-57529656ED0E}.Debug|Any CPU.ActiveCfg = Debug|Any CPU
		{3460A458-36BD-443E-B54E-57529656ED0E}.Debug|Any CPU.Build.0 = Debug|Any CPU
		{3460A458-36BD-443E-B54E-57529656ED0E}.Release|Any CPU.ActiveCfg = Release|Any CPU
		{3460A458-36BD-443E-B54E-57529656ED0E}.Release|Any CPU.Build.0 = Release|Any CPU
	EndGlobalSection
	GlobalSection(SolutionProperties) = preSolution
		HideSolutionNode = FALSE
	EndGlobalSection
	GlobalSection(ExtensibilityGlobals) = postSolution
		SolutionGuid = {CFF94904-60FA-482A-8F09-B00EC1830845}
	EndGlobalSection
EndGlobal
