
Microsoft Visual Studio Solution File, Format Version 12.00
# Visual Studio Version 17
VisualStudioVersion = 17.7.34202.233
MinimumVisualStudioVersion = 10.0.40219.1
Project("{9A19103F-16F7-4668-BE54-9A1E7A4F7556}") = "Bongo.Models.Tests", "Bongo.Models.Tests\Bongo.Models.Tests.csproj", "{B17915E3-3371-410F-9D10-39571039BCA9}"
EndProject
Project("{9A19103F-16F7-4668-BE54-9A1E7A4F7556}") = "Bongo.DataAccess.Tests", "Bongo.DataAccess.Tests\Bongo.DataAccess.Tests.csproj", "{19666BEC-B878-4300-A3EB-F29FE167C4E2}"
EndProject
Project("{9A19103F-16F7-4668-BE54-9A1E7A4F7556}") = "Bongo.Models", "Bongo.Models\Bongo.Models.csproj", "{6C966546-511E-42E2-B0EE-E5D41412194B}"
EndProject
Project("{9A19103F-16F7-4668-BE54-9A1E7A4F7556}") = "Bongo.DataAccess", "Bongo.DataAccess\Bongo.DataAccess.csproj", "{361A054D-DE76-4C65-814C-6C3102985B59}"
EndProject
Project("{9A19103F-16F7-4668-BE54-9A1E7A4F7556}") = "Bongo.Core", "Bongo.Core\Bongo.Core.csproj", "{20F6C2AA-AAB0-420B-AEBF-5770A2E0A3AC}"
EndProject
Project("{2150E333-8FDC-42A3-9474-1A3956D46DE8}") = "Solution Items", "Solution Items", "{5756C37A-00D1-41FF-B41A-79D56169404B}"
	ProjectSection(SolutionItems) = preProject
		Bongo.Web\Bongo.Web.csproj = Bongo.Web\Bongo.Web.csproj
	EndProjectSection
EndProject
Project("{9A19103F-16F7-4668-BE54-9A1E7A4F7556}") = "Bongo.Web", "Bongo.Web\Bongo.Web.csproj", "{D83BD696-2DD0-4990-AC2C-1170E952FAFA}"
EndProject
Project("{9A19103F-16F7-4668-BE54-9A1E7A4F7556}") = "Bongo.Core.Tests", "Bongo.Core.Tests\Bongo.Core.Tests.csproj", "{BBE0443B-18E4-476A-BDD9-EAA92356BB25}"
EndProject
Project("{2150E333-8FDC-42A3-9474-1A3956D46DE8}") = "Tests", "Tests", "{DA548DE1-1261-4DCE-AA9A-91D7D725F2E5}"
EndProject
Project("{FAE04EC0-301F-11D3-BF4B-00C04F79EFBC}") = "Bongo.Web.Tests", "Bongo.Web.Tests\Bongo.Web.Tests.csproj", "{8A60B1C7-FE38-46EA-AC31-413960A5498F}"
EndProject
Global
	GlobalSection(SolutionConfigurationPlatforms) = preSolution
		Debug|Any CPU = Debug|Any CPU
		Release|Any CPU = Release|Any CPU
	EndGlobalSection
	GlobalSection(ProjectConfigurationPlatforms) = postSolution
		{B17915E3-3371-410F-9D10-39571039BCA9}.Debug|Any CPU.ActiveCfg = Debug|Any CPU
		{B17915E3-3371-410F-9D10-39571039BCA9}.Debug|Any CPU.Build.0 = Debug|Any CPU
		{B17915E3-3371-410F-9D10-39571039BCA9}.Release|Any CPU.ActiveCfg = Release|Any CPU
		{B17915E3-3371-410F-9D10-39571039BCA9}.Release|Any CPU.Build.0 = Release|Any CPU
		{19666BEC-B878-4300-A3EB-F29FE167C4E2}.Debug|Any CPU.ActiveCfg = Debug|Any CPU
		{19666BEC-B878-4300-A3EB-F29FE167C4E2}.Debug|Any CPU.Build.0 = Debug|Any CPU
		{19666BEC-B878-4300-A3EB-F29FE167C4E2}.Release|Any CPU.ActiveCfg = Release|Any CPU
		{19666BEC-B878-4300-A3EB-F29FE167C4E2}.Release|Any CPU.Build.0 = Release|Any CPU
		{6C966546-511E-42E2-B0EE-E5D41412194B}.Debug|Any CPU.ActiveCfg = Debug|Any CPU
		{6C966546-511E-42E2-B0EE-E5D41412194B}.Debug|Any CPU.Build.0 = Debug|Any CPU
		{6C966546-511E-42E2-B0EE-E5D41412194B}.Release|Any CPU.ActiveCfg = Release|Any CPU
		{6C966546-511E-42E2-B0EE-E5D41412194B}.Release|Any CPU.Build.0 = Release|Any CPU
		{361A054D-DE76-4C65-814C-6C3102985B59}.Debug|Any CPU.ActiveCfg = Debug|Any CPU
		{361A054D-DE76-4C65-814C-6C3102985B59}.Debug|Any CPU.Build.0 = Debug|Any CPU
		{361A054D-DE76-4C65-814C-6C3102985B59}.Release|Any CPU.ActiveCfg = Release|Any CPU
		{361A054D-DE76-4C65-814C-6C3102985B59}.Release|Any CPU.Build.0 = Release|Any CPU
		{20F6C2AA-AAB0-420B-AEBF-5770A2E0A3AC}.Debug|Any CPU.ActiveCfg = Debug|Any CPU
		{20F6C2AA-AAB0-420B-AEBF-5770A2E0A3AC}.Debug|Any CPU.Build.0 = Debug|Any CPU
		{20F6C2AA-AAB0-420B-AEBF-5770A2E0A3AC}.Release|Any CPU.ActiveCfg = Release|Any CPU
		{20F6C2AA-AAB0-420B-AEBF-5770A2E0A3AC}.Release|Any CPU.Build.0 = Release|Any CPU
		{D83BD696-2DD0-4990-AC2C-1170E952FAFA}.Debug|Any CPU.ActiveCfg = Debug|Any CPU
		{D83BD696-2DD0-4990-AC2C-1170E952FAFA}.Debug|Any CPU.Build.0 = Debug|Any CPU
		{D83BD696-2DD0-4990-AC2C-1170E952FAFA}.Release|Any CPU.ActiveCfg = Release|Any CPU
		{D83BD696-2DD0-4990-AC2C-1170E952FAFA}.Release|Any CPU.Build.0 = Release|Any CPU
		{BBE0443B-18E4-476A-BDD9-EAA92356BB25}.Debug|Any CPU.ActiveCfg = Debug|Any CPU
		{BBE0443B-18E4-476A-BDD9-EAA92356BB25}.Debug|Any CPU.Build.0 = Debug|Any CPU
		{BBE0443B-18E4-476A-BDD9-EAA92356BB25}.Release|Any CPU.ActiveCfg = Release|Any CPU
		{BBE0443B-18E4-476A-BDD9-EAA92356BB25}.Release|Any CPU.Build.0 = Release|Any CPU
		{8A60B1C7-FE38-46EA-AC31-413960A5498F}.Debug|Any CPU.ActiveCfg = Debug|Any CPU
		{8A60B1C7-FE38-46EA-AC31-413960A5498F}.Debug|Any CPU.Build.0 = Debug|Any CPU
		{8A60B1C7-FE38-46EA-AC31-413960A5498F}.Release|Any CPU.ActiveCfg = Release|Any CPU
		{8A60B1C7-FE38-46EA-AC31-413960A5498F}.Release|Any CPU.Build.0 = Release|Any CPU
	EndGlobalSection
	GlobalSection(SolutionProperties) = preSolution
		HideSolutionNode = FALSE
	EndGlobalSection
	GlobalSection(NestedProjects) = preSolution
		{B17915E3-3371-410F-9D10-39571039BCA9} = {DA548DE1-1261-4DCE-AA9A-91D7D725F2E5}
		{19666BEC-B878-4300-A3EB-F29FE167C4E2} = {DA548DE1-1261-4DCE-AA9A-91D7D725F2E5}
		{BBE0443B-18E4-476A-BDD9-EAA92356BB25} = {DA548DE1-1261-4DCE-AA9A-91D7D725F2E5}
		{8A60B1C7-FE38-46EA-AC31-413960A5498F} = {DA548DE1-1261-4DCE-AA9A-91D7D725F2E5}
	EndGlobalSection
	GlobalSection(ExtensibilityGlobals) = postSolution
		SolutionGuid = {27280C5F-9AC7-4D72-ABC5-21D2192F04BC}
	EndGlobalSection
EndGlobal
